{
  "name": "@spredfast/fetch-authors",
  "version": "1.0.0",
  "lockfileVersion": 2,
  "requires": true,
  "packages": {
    "": {
      "name": "@spredfast/fetch-authors",
      "version": "1.0.0",
      "license": "ISC",
      "dependencies": {
        "@aws-appsync/utils": "^1.5.0"
      }
    },
    "node_modules/@aws-appsync/utils": {
      "version": "1.5.0",
      "resolved": "https://registry.npmjs.org/@aws-appsync/utils/-/utils-1.5.0.tgz",
      "integrity": "sha512-mkXUxbzUW3vBVev2+EBpkfidl98RymTX4mH71OHIgfsbTLEKmqAYF2LrwtSUYetD7D3YMIQI28UqfOacoJyxVw=="
    }
  },
  "dependencies": {
    "@aws-appsync/utils": {
      "version": "1.5.0",
      "resolved": "https://registry.npmjs.org/@aws-appsync/utils/-/utils-1.5.0.tgz",
      "integrity": "sha512-mkXUxbzUW3vBVev2+EBpkfidl98RymTX4mH71OHIgfsbTLEKmqAYF2LrwtSUYetD7D3YMIQI28UqfOacoJyxVw=="
    }
  }
}
